Microsoft Visual Studio Solution File, Format Version 12.00
# Visual Studio Version 17
VisualStudioVersion = 17.5.2.0
MinimumVisualStudioVersion = 10.0.40219.1
Project("{FAE04EC0-301F-11D3-BF4B-00C04F79EFBC}") = "BookInformation.UI", "BookInformation.UI.csproj", "{ECF7B580-4AD6-B8E8-BBD5-534A6CE727A2}"
EndProject
Global
	GlobalSection(SolutionConfigurationPlatforms) = preSolution
		Debug|Any CPU = Debug|Any CPU
		Release|Any CPU = Release|Any CPU
	EndGlobalSection
	GlobalSection(ProjectConfigurationPlatforms) = postSolution
		{ECF7B580-4AD6-B8E8-BBD5-534A6CE727A2}.Debug|Any CPU.ActiveCfg = Debug|Any CPU
		{ECF7B580-4AD6-B8E8-BBD5-534A6CE727A2}.Debug|Any CPU.Build.0 = Debug|Any CPU
		{ECF7B580-4AD6-B8E8-BBD5-534A6CE727A2}.Release|Any CPU.ActiveCfg = Release|Any CPU
		{ECF7B580-4AD6-B8E8-BBD5-534A6CE727A2}.Release|Any CPU.Build.0 = Release|Any CPU
	EndGlobalSection
	GlobalSection(SolutionProperties) = preSolution
		HideSolutionNode = FALSE
	EndGlobalSection
	GlobalSection(ExtensibilityGlobals) = postSolution
		SolutionGuid = {DEF63AA2-EC0C-4A64-A8AA-8C66C3E3A4ED}
	EndGlobalSection
EndGlobal
